// !$*UTF8*$!
{
	archiveVersion = 1;
	classes = {
	};
	objectVersion = 46;
	objects = {

/* Begin PBXBuildFile section */
		43308E791D4CA55000F1F88D /* Main.storyboard in Resources */ = {isa = PBXBuildFile; fileRef = 43308E781D4CA55000F1F88D /* Main.storyboard */; };
		43308E7B1D4CA59800F1F88D /* ArticleListViewController.swift in Sources */ = {isa = PBXBuildFile; fileRef = 43308E7A1D4CA59800F1F88D /* ArticleListViewController.swift */; };
		43308E7D1D4CABF800F1F88D /* BaseRequestType.swift in Sources */ = {isa = PBXBuildFile; fileRef = 43308E7C1D4CABF800F1F88D /* BaseRequestType.swift */; };
		43308EB71D4CB33000F1F88D /* APIKit.framework in Frameworks */ = {isa = PBXBuildFile; fileRef = 43308EB11D4CB33000F1F88D /* APIKit.framework */; };
		43308EB81D4CB33000F1F88D /* APIKit.framework in Embed Frameworks */ = {isa = PBXBuildFile; fileRef = 43308EB11D4CB33000F1F88D /* APIKit.framework */; settings = {ATTRIBUTES = (CodeSignOnCopy, RemoveHeadersOnCopy, ); }; };
		43308EB91D4CB33000F1F88D /* Himotoki.framework in Frameworks */ = {isa = PBXBuildFile; fileRef = 43308EB21D4CB33000F1F88D /* Himotoki.framework */; };
		43308EBA1D4CB33000F1F88D /* Himotoki.framework in Embed Frameworks */ = {isa = PBXBuildFile; fileRef = 43308EB21D4CB33000F1F88D /* Himotoki.framework */; settings = {ATTRIBUTES = (CodeSignOnCopy, RemoveHeadersOnCopy, ); }; };
		43308EBB1D4CB33000F1F88D /* Realm.framework in Frameworks */ = {isa = PBXBuildFile; fileRef = 43308EB31D4CB33000F1F88D /* Realm.framework */; };
		43308EBC1D4CB33000F1F88D /* Realm.framework in Embed Frameworks */ = {isa = PBXBuildFile; fileRef = 43308EB31D4CB33000F1F88D /* Realm.framework */; settings = {ATTRIBUTES = (CodeSignOnCopy, RemoveHeadersOnCopy, ); }; };
		43308EBD1D4CB33000F1F88D /* RealmSwift.framework in Frameworks */ = {isa = PBXBuildFile; fileRef = 43308EB41D4CB33000F1F88D /* RealmSwift.framework */; };
		43308EBE1D4CB33000F1F88D /* RealmSwift.framework in Embed Frameworks */ = {isa = PBXBuildFile; fileRef = 43308EB41D4CB33000F1F88D /* RealmSwift.framework */; settings = {ATTRIBUTES = (CodeSignOnCopy, RemoveHeadersOnCopy, ); }; };
		43308EBF1D4CB33000F1F88D /* Result.framework in Frameworks */ = {isa = PBXBuildFile; fileRef = 43308EB51D4CB33000F1F88D /* Result.framework */; };
		43308EC01D4CB33000F1F88D /* Result.framework in Embed Frameworks */ = {isa = PBXBuildFile; fileRef = 43308EB51D4CB33000F1F88D /* Result.framework */; settings = {ATTRIBUTES = (CodeSignOnCopy, RemoveHeadersOnCopy, ); }; };
		43308EC11D4CB33000F1F88D /* Swinject.framework in Frameworks */ = {isa = PBXBuildFile; fileRef = 43308EB61D4CB33000F1F88D /* Swinject.framework */; };
		43308EC21D4CB33000F1F88D /* Swinject.framework in Embed Frameworks */ = {isa = PBXBuildFile; fileRef = 43308EB61D4CB33000F1F88D /* Swinject.framework */; settings = {ATTRIBUTES = (CodeSignOnCopy, RemoveHeadersOnCopy, ); }; };
		43308EC41D4DC4EA00F1F88D /* QiitaAPIRequest.swift in Sources */ = {isa = PBXBuildFile; fileRef = 43308EC31D4DC4EA00F1F88D /* QiitaAPIRequest.swift */; };
		43308EC61D4DC4F800F1F88D /* QiitaAPIClient.swift in Sources */ = {isa = PBXBuildFile; fileRef = 43308EC51D4DC4F800F1F88D /* QiitaAPIClient.swift */; };
		43308ECA1D4DFCCD00F1F88D /* ArticleModel.swift in Sources */ = {isa = PBXBuildFile; fileRef = 43308EC91D4DFCCD00F1F88D /* ArticleModel.swift */; };
		43308ECF1D4E012C00F1F88D /* RealmService.swift in Sources */ = {isa = PBXBuildFile; fileRef = 43308ECE1D4E012C00F1F88D /* RealmService.swift */; };
		43308ED11D4E01F000F1F88D /* ArticleRepository.swift in Sources */ = {isa = PBXBuildFile; fileRef = 43308ED01D4E01F000F1F88D /* ArticleRepository.swift */; };
		43308ED31D4E01FE00F1F88D /* ArticleRepositoryImpl.swift in Sources */ = {isa = PBXBuildFile; fileRef = 43308ED21D4E01FE00F1F88D /* ArticleRepositoryImpl.swift */; };
		43308ED51D4E026700F1F88D /* ArticleListViewModel.swift in Sources */ = {isa = PBXBuildFile; fileRef = 43308ED41D4E026700F1F88D /* ArticleListViewModel.swift */; };
		43308ED81D4E034300F1F88D /* ArticleService.swift in Sources */ = {isa = PBXBuildFile; fileRef = 43308ED71D4E034300F1F88D /* ArticleService.swift */; };
		43308EDA1D4E044600F1F88D /* ArticleFactory.swift in Sources */ = {isa = PBXBuildFile; fileRef = 43308ED91D4E044600F1F88D /* ArticleFactory.swift */; };
		43308EDF1D4E5A4B00F1F88D /* ArticleEntity.swift in Sources */ = {isa = PBXBuildFile; fileRef = 43308EDE1D4E5A4B00F1F88D /* ArticleEntity.swift */; };
		4346ED591D4A5FC50000A882 /* AppDelegate.swift in Sources */ = {isa = PBXBuildFile; fileRef = 4346ED581D4A5FC50000A882 /* AppDelegate.swift */; };
		4346ED5B1D4A5FC50000A882 /* ViewController.swift in Sources */ = {isa = PBXBuildFile; fileRef = 4346ED5A1D4A5FC50000A882 /* ViewController.swift */; };
		4346ED601D4A5FC50000A882 /* Assets.xcassets in Resources */ = {isa = PBXBuildFile; fileRef = 4346ED5F1D4A5FC50000A882 /* Assets.xcassets */; };
		4346ED631D4A5FC50000A882 /* LaunchScreen.storyboard in Resources */ = {isa = PBXBuildFile; fileRef = 4346ED611D4A5FC50000A882 /* LaunchScreen.storyboard */; };
		4346ED6E1D4A5FC60000A882 /* IkaQiitaTests.swift in Sources */ = {isa = PBXBuildFile; fileRef = 4346ED6D1D4A5FC60000A882 /* IkaQiitaTests.swift */; };
		4346ED791D4A5FC60000A882 /* IkaQiitaUITests.swift in Sources */ = {isa = PBXBuildFile; fileRef = 4346ED781D4A5FC60000A882 /* IkaQiitaUITests.swift */; };
/* End PBXBuildFile section */

/* Begin PBXContainerItemProxy section */
		4346ED6A1D4A5FC60000A882 /* PBXContainerItemProxy */ = {
			isa = PBXContainerItemProxy;
			containerPortal = 4346ED4D1D4A5FC50000A882 /* Project object */;
			proxyType = 1;
			remoteGlobalIDString = 4346ED541D4A5FC50000A882;
			remoteInfo = IkaQiita;
		};
		4346ED751D4A5FC60000A882 /* PBXContainerItemProxy */ = {
			isa = PBXContainerItemProxy;
			containerPortal = 4346ED4D1D4A5FC50000A882 /* Project object */;
			proxyType = 1;
			remoteGlobalIDString = 4346ED541D4A5FC50000A882;
			remoteInfo = IkaQiita;
		};
/* End PBXContainerItemProxy section */

/* Begin PBXCopyFilesBuildPhase section */
		43308EAF1D4CB28C00F1F88D /* Embed Frameworks */ = {
			isa = PBXCopyFilesBuildPhase;
			buildActionMask = 2147483647;
			dstPath = "";
			dstSubfolderSpec = 10;
			files = (
				43308EBC1D4CB33000F1F88D /* Realm.framework in Embed Frameworks */,
				43308EBA1D4CB33000F1F88D /* Himotoki.framework in Embed Frameworks */,
				43308EC01D4CB33000F1F88D /* Result.framework in Embed Frameworks */,
				43308EC21D4CB33000F1F88D /* Swinject.framework in Embed Frameworks */,
				43308EBE1D4CB33000F1F88D /* RealmSwift.framework in Embed Frameworks */,
				43308EB81D4CB33000F1F88D /* APIKit.framework in Embed Frameworks */,
			);
			name = "Embed Frameworks";
			runOnlyForDeploymentPostprocessing = 0;
		};
/* End PBXCopyFilesBuildPhase section */

/* Begin PBXFileReference section */
		43308E781D4CA55000F1F88D /* Main.storyboard */ = {isa = PBXFileReference; fileEncoding = 4; lastKnownFileType = file.storyboard; path = Main.storyboard; sourceTree = "<group>"; };
		43308E7A1D4CA59800F1F88D /* ArticleListViewController.swift */ = {isa = PBXFileReference; fileEncoding = 4; lastKnownFileType = sourcecode.swift; path = ArticleListViewController.swift; sourceTree = "<group>"; };
		43308E7C1D4CABF800F1F88D /* BaseRequestType.swift */ = {isa = PBXFileReference; fileEncoding = 4; lastKnownFileType = sourcecode.swift; path = BaseRequestType.swift; sourceTree = "<group>"; };
		43308EB11D4CB33000F1F88D /* APIKit.framework */ = {isa = PBXFileReference; lastKnownFileType = wrapper.framework; name = APIKit.framework; path = Carthage/Build/iOS/APIKit.framework; sourceTree = "<group>"; };
		43308EB21D4CB33000F1F88D /* Himotoki.framework */ = {isa = PBXFileReference; lastKnownFileType = wrapper.framework; name = Himotoki.framework; path = Carthage/Build/iOS/Himotoki.framework; sourceTree = "<group>"; };
		43308EB31D4CB33000F1F88D /* Realm.framework */ = {isa = PBXFileReference; lastKnownFileType = wrapper.framework; name = Realm.framework; path = Carthage/Build/iOS/Realm.framework; sourceTree = "<group>"; };
		43308EB41D4CB33000F1F88D /* RealmSwift.framework */ = {isa = PBXFileReference; lastKnownFileType = wrapper.framework; name = RealmSwift.framework; path = Carthage/Build/iOS/RealmSwift.framework; sourceTree = "<group>"; };
		43308EB51D4CB33000F1F88D /* Result.framework */ = {isa = PBXFileReference; lastKnownFileType = wrapper.framework; name = Result.framework; path = Carthage/Build/iOS/Result.framework; sourceTree = "<group>"; };
		43308EB61D4CB33000F1F88D /* Swinject.framework */ = {isa = PBXFileReference; lastKnownFileType = wrapper.framework; name = Swinject.framework; path = Carthage/Build/iOS/Swinject.framework; sourceTree = "<group>"; };
		43308EC31D4DC4EA00F1F88D /* QiitaAPIRequest.swift */ = {isa = PBXFileReference; fileEncoding = 4; lastKnownFileType = sourcecode.swift; path = QiitaAPIRequest.swift; sourceTree = "<group>"; };
		43308EC51D4DC4F800F1F88D /* QiitaAPIClient.swift */ = {isa = PBXFileReference; fileEncoding = 4; lastKnownFileType = sourcecode.swift; path = QiitaAPIClient.swift; sourceTree = "<group>"; };
		43308EC91D4DFCCD00F1F88D /* ArticleModel.swift */ = {isa = PBXFileReference; fileEncoding = 4; lastKnownFileType = sourcecode.swift; path = ArticleModel.swift; sourceTree = "<group>"; };
		43308ECE1D4E012C00F1F88D /* RealmService.swift */ = {isa = PBXFileReference; fileEncoding = 4; lastKnownFileType = sourcecode.swift; path = RealmService.swift; sourceTree = "<group>"; };
		43308ED01D4E01F000F1F88D /* ArticleRepository.swift */ = {isa = PBXFileReference; fileEncoding = 4; lastKnownFileType = sourcecode.swift; path = ArticleRepository.swift; sourceTree = "<group>"; };
		43308ED21D4E01FE00F1F88D /* ArticleRepositoryImpl.swift */ = {isa = PBXFileReference; fileEncoding = 4; lastKnownFileType = sourcecode.swift; path = ArticleRepositoryImpl.swift; sourceTree = "<group>"; };
		43308ED41D4E026700F1F88D /* ArticleListViewModel.swift */ = {isa = PBXFileReference; fileEncoding = 4; lastKnownFileType = sourcecode.swift; path = ArticleListViewModel.swift; sourceTree = "<group>"; };
		43308ED71D4E034300F1F88D /* ArticleService.swift */ = {isa = PBXFileReference; fileEncoding = 4; lastKnownFileType = sourcecode.swift; path = ArticleService.swift; sourceTree = "<group>"; };
		43308ED91D4E044600F1F88D /* ArticleFactory.swift */ = {isa = PBXFileReference; fileEncoding = 4; lastKnownFileType = sourcecode.swift; path = ArticleFactory.swift; sourceTree = "<group>"; };
		43308EDE1D4E5A4B00F1F88D /* ArticleEntity.swift */ = {isa = PBXFileReference; fileEncoding = 4; lastKnownFileType = sourcecode.swift; path = ArticleEntity.swift; sourceTree = "<group>"; };
		4346ED551D4A5FC50000A882 /* IkaQiita.app */ = {isa = PBXFileReference; explicitFileType = wrapper.application; includeInIndex = 0; path = IkaQiita.app; sourceTree = BUILT_PRODUCTS_DIR; };
		4346ED581D4A5FC50000A882 /* AppDelegate.swift */ = {isa = PBXFileReference; lastKnownFileType = sourcecode.swift; path = AppDelegate.swift; sourceTree = "<group>"; };
		4346ED5A1D4A5FC50000A882 /* ViewController.swift */ = {isa = PBXFileReference; lastKnownFileType = sourcecode.swift; path = ViewController.swift; sourceTree = "<group>"; };
		4346ED5F1D4A5FC50000A882 /* Assets.xcassets */ = {isa = PBXFileReference; lastKnownFileType = folder.assetcatalog; path = Assets.xcassets; sourceTree = "<group>"; };
		4346ED621D4A5FC50000A882 /* Base */ = {isa = PBXFileReference; lastKnownFileType = file.storyboard; name = Base; path = Base.lproj/LaunchScreen.storyboard; sourceTree = "<group>"; };
		4346ED641D4A5FC50000A882 /* Info.plist */ = {isa = PBXFileReference; lastKnownFileType = text.plist.xml; path = Info.plist; sourceTree = "<group>"; };
		4346ED691D4A5FC60000A882 /* IkaQiitaTests.xctest */ = {isa = PBXFileReference; explicitFileType = wrapper.cfbundle; includeInIndex = 0; path = IkaQiitaTests.xctest; sourceTree = BUILT_PRODUCTS_DIR; };
		4346ED6D1D4A5FC60000A882 /* IkaQiitaTests.swift */ = {isa = PBXFileReference; lastKnownFileType = sourcecode.swift; path = IkaQiitaTests.swift; sourceTree = "<group>"; };
		4346ED6F1D4A5FC60000A882 /* Info.plist */ = {isa = PBXFileReference; lastKnownFileType = text.plist.xml; path = Info.plist; sourceTree = "<group>"; };
		4346ED741D4A5FC60000A882 /* IkaQiitaUITests.xctest */ = {isa = PBXFileReference; explicitFileType = wrapper.cfbundle; includeInIndex = 0; path = IkaQiitaUITests.xctest; sourceTree = BUILT_PRODUCTS_DIR; };
		4346ED781D4A5FC60000A882 /* IkaQiitaUITests.swift */ = {isa = PBXFileReference; lastKnownFileType = sourcecode.swift; path = IkaQiitaUITests.swift; sourceTree = "<group>"; };
		4346ED7A1D4A5FC60000A882 /* Info.plist */ = {isa = PBXFileReference; lastKnownFileType = text.plist.xml; path = Info.plist; sourceTree = "<group>"; };
/* End PBXFileReference section */

/* Begin PBXFrameworksBuildPhase section */
		4346ED521D4A5FC50000A882 /* Frameworks */ = {
			isa = PBXFrameworksBuildPhase;
			buildActionMask = 2147483647;
			files = (
				43308EBB1D4CB33000F1F88D /* Realm.framework in Frameworks */,
				43308EB91D4CB33000F1F88D /* Himotoki.framework in Frameworks */,
				43308EBF1D4CB33000F1F88D /* Result.framework in Frameworks */,
				43308EC11D4CB33000F1F88D /* Swinject.framework in Frameworks */,
				43308EBD1D4CB33000F1F88D /* RealmSwift.framework in Frameworks */,
				43308EB71D4CB33000F1F88D /* APIKit.framework in Frameworks */,
			);
			runOnlyForDeploymentPostprocessing = 0;
		};
		4346ED661D4A5FC60000A882 /* Frameworks */ = {
			isa = PBXFrameworksBuildPhase;
			buildActionMask = 2147483647;
			files = (
			);
			runOnlyForDeploymentPostprocessing = 0;
		};
		4346ED711D4A5FC60000A882 /* Frameworks */ = {
			isa = PBXFrameworksBuildPhase;
			buildActionMask = 2147483647;
			files = (
			);
			runOnlyForDeploymentPostprocessing = 0;
		};
/* End PBXFrameworksBuildPhase section */

/* Begin PBXGroup section */
		43308EC71D4DFAEB00F1F88D /* Factory */ = {
			isa = PBXGroup;
			children = (
				43308ED91D4E044600F1F88D /* ArticleFactory.swift */,
			);
			path = Factory;
			sourceTree = "<group>";
		};
		43308EC81D4DFAF600F1F88D /* Model */ = {
			isa = PBXGroup;
			children = (
				43308EC91D4DFCCD00F1F88D /* ArticleModel.swift */,
			);
			path = Model;
			sourceTree = "<group>";
		};
		43308ECD1D4E012200F1F88D /* Service */ = {
			isa = PBXGroup;
			children = (
				43308ECE1D4E012C00F1F88D /* RealmService.swift */,
			);
			path = Service;
			sourceTree = "<group>";
		};
		43308ED61D4E032A00F1F88D /* Service */ = {
			isa = PBXGroup;
			children = (
				43308ED71D4E034300F1F88D /* ArticleService.swift */,
			);
			path = Service;
			sourceTree = "<group>";
		};
		43308EDD1D4E5A3E00F1F88D /* Entity */ = {
			isa = PBXGroup;
			children = (
				43308EDE1D4E5A4B00F1F88D /* ArticleEntity.swift */,
			);
			path = Entity;
			sourceTree = "<group>";
		};
		4346ED4C1D4A5FC50000A882 = {
			isa = PBXGroup;
			children = (
				43308EB11D4CB33000F1F88D /* APIKit.framework */,
				43308EB21D4CB33000F1F88D /* Himotoki.framework */,
				43308EB31D4CB33000F1F88D /* Realm.framework */,
				43308EB41D4CB33000F1F88D /* RealmSwift.framework */,
				43308EB51D4CB33000F1F88D /* Result.framework */,
				43308EB61D4CB33000F1F88D /* Swinject.framework */,
				4346ED571D4A5FC50000A882 /* IkaQiita */,
				4346ED6C1D4A5FC60000A882 /* IkaQiitaTests */,
				4346ED771D4A5FC60000A882 /* IkaQiitaUITests */,
				4346ED561D4A5FC50000A882 /* Products */,
			);
			sourceTree = "<group>";
		};
		4346ED561D4A5FC50000A882 /* Products */ = {
			isa = PBXGroup;
			children = (
				4346ED551D4A5FC50000A882 /* IkaQiita.app */,
				4346ED691D4A5FC60000A882 /* IkaQiitaTests.xctest */,
				4346ED741D4A5FC60000A882 /* IkaQiitaUITests.xctest */,
			);
			name = Products;
			sourceTree = "<group>";
		};
		4346ED571D4A5FC50000A882 /* IkaQiita */ = {
			isa = PBXGroup;
			children = (
				4346ED8D1D4A638F0000A882 /* StoryBoard */,
				4346ED8A1D4A605D0000A882 /* View */,
				4346ED861D4A5FDE0000A882 /* ViewModel */,
				4346ED881D4A60260000A882 /* Domain */,
				4346ED891D4A60360000A882 /* Data */,
				4346ED581D4A5FC50000A882 /* AppDelegate.swift */,
				4346ED5A1D4A5FC50000A882 /* ViewController.swift */,
				4346ED5F1D4A5FC50000A882 /* Assets.xcassets */,
				4346ED611D4A5FC50000A882 /* LaunchScreen.storyboard */,
				4346ED641D4A5FC50000A882 /* Info.plist */,
			);
			path = IkaQiita;
			sourceTree = "<group>";
		};
		4346ED6C1D4A5FC60000A882 /* IkaQiitaTests */ = {
			isa = PBXGroup;
			children = (
				4346ED6D1D4A5FC60000A882 /* IkaQiitaTests.swift */,
				4346ED6F1D4A5FC60000A882 /* Info.plist */,
			);
			path = IkaQiitaTests;
			sourceTree = "<group>";
		};
		4346ED771D4A5FC60000A882 /* IkaQiitaUITests */ = {
			isa = PBXGroup;
			children = (
				4346ED781D4A5FC60000A882 /* IkaQiitaUITests.swift */,
				4346ED7A1D4A5FC60000A882 /* Info.plist */,
			);
			path = IkaQiitaUITests;
			sourceTree = "<group>";
		};
		4346ED861D4A5FDE0000A882 /* ViewModel */ = {
			isa = PBXGroup;
			children = (
				4346ED8F1D4A64900000A882 /* Article */,
			);
			path = ViewModel;
			sourceTree = "<group>";
		};
		4346ED881D4A60260000A882 /* Domain */ = {
			isa = PBXGroup;
			children = (
				43308ED61D4E032A00F1F88D /* Service */,
				43308EC81D4DFAF600F1F88D /* Model */,
				43308EC71D4DFAEB00F1F88D /* Factory */,
				4346ED901D4A64A20000A882 /* Repository */,
			);
			path = Domain;
			sourceTree = "<group>";
		};
		4346ED891D4A60360000A882 /* Data */ = {
			isa = PBXGroup;
			children = (
				43308EDD1D4E5A3E00F1F88D /* Entity */,
				43308ECD1D4E012200F1F88D /* Service */,
				4346ED911D4A65430000A882 /* Repository */,
				4346ED931D4A65570000A882 /* DataStore */,
				4346ED921D4A654D0000A882 /* Network */,
			);
			path = Data;
			sourceTree = "<group>";
		};
		4346ED8A1D4A605D0000A882 /* View */ = {
			isa = PBXGroup;
			children = (
				4346ED8E1D4A64810000A882 /* Article */,
			);
			path = View;
			sourceTree = "<group>";
		};
		4346ED8D1D4A638F0000A882 /* StoryBoard */ = {
			isa = PBXGroup;
			children = (
				43308E781D4CA55000F1F88D /* Main.storyboard */,
			);
			path = StoryBoard;
			sourceTree = "<group>";
		};
		4346ED8E1D4A64810000A882 /* Article */ = {
			isa = PBXGroup;
			children = (
				43308E7A1D4CA59800F1F88D /* ArticleListViewController.swift */,
			);
			path = Article;
			sourceTree = "<group>";
		};
		4346ED8F1D4A64900000A882 /* Article */ = {
			isa = PBXGroup;
			children = (
				43308ED41D4E026700F1F88D /* ArticleListViewModel.swift */,
			);
			path = Article;
			sourceTree = "<group>";
		};
		4346ED901D4A64A20000A882 /* Repository */ = {
			isa = PBXGroup;
			children = (
				43308ED01D4E01F000F1F88D /* ArticleRepository.swift */,
			);
			path = Repository;
			sourceTree = "<group>";
		};
		4346ED911D4A65430000A882 /* Repository */ = {
			isa = PBXGroup;
			children = (
				43308ED21D4E01FE00F1F88D /* ArticleRepositoryImpl.swift */,
			);
			path = Repository;
			sourceTree = "<group>";
		};
		4346ED921D4A654D0000A882 /* Network */ = {
			isa = PBXGroup;
			children = (
				43308E7C1D4CABF800F1F88D /* BaseRequestType.swift */,
				43308EC31D4DC4EA00F1F88D /* QiitaAPIRequest.swift */,
				43308EC51D4DC4F800F1F88D /* QiitaAPIClient.swift */,
			);
			path = Network;
			sourceTree = "<group>";
		};
		4346ED931D4A65570000A882 /* DataStore */ = {
			isa = PBXGroup;
			children = (
			);
			path = DataStore;
			sourceTree = "<group>";
		};
/* End PBXGroup section */

/* Begin PBXNativeTarget section */
		4346ED541D4A5FC50000A882 /* IkaQiita */ = {
			isa = PBXNativeTarget;
			buildConfigurationList = 4346ED7D1D4A5FC60000A882 /* Build configuration list for PBXNativeTarget "IkaQiita" */;
			buildPhases = (
				4346ED511D4A5FC50000A882 /* Sources */,
				4346ED521D4A5FC50000A882 /* Frameworks */,
				4346ED531D4A5FC50000A882 /* Resources */,
				43308EAF1D4CB28C00F1F88D /* Embed Frameworks */,
				43308EB01D4CB2B500F1F88D /* ShellScript */,
			);
			buildRules = (
			);
			dependencies = (
			);
			name = IkaQiita;
			productName = IkaQiita;
			productReference = 4346ED551D4A5FC50000A882 /* IkaQiita.app */;
			productType = "com.apple.product-type.application";
		};
		4346ED681D4A5FC60000A882 /* IkaQiitaTests */ = {
			isa = PBXNativeTarget;
			buildConfigurationList = 4346ED801D4A5FC60000A882 /* Build configuration list for PBXNativeTarget "IkaQiitaTests" */;
			buildPhases = (
				4346ED651D4A5FC60000A882 /* Sources */,
				4346ED661D4A5FC60000A882 /* Frameworks */,
				4346ED671D4A5FC60000A882 /* Resources */,
			);
			buildRules = (
			);
			dependencies = (
				4346ED6B1D4A5FC60000A882 /* PBXTargetDependency */,
			);
			name = IkaQiitaTests;
			productName = IkaQiitaTests;
			productReference = 4346ED691D4A5FC60000A882 /* IkaQiitaTests.xctest */;
			productType = "com.apple.product-type.bundle.unit-test";
		};
		4346ED731D4A5FC60000A882 /* IkaQiitaUITests */ = {
			isa = PBXNativeTarget;
			buildConfigurationList = 4346ED831D4A5FC60000A882 /* Build configuration list for PBXNativeTarget "IkaQiitaUITests" */;
			buildPhases = (
				4346ED701D4A5FC60000A882 /* Sources */,
				4346ED711D4A5FC60000A882 /* Frameworks */,
				4346ED721D4A5FC60000A882 /* Resources */,
			);
			buildRules = (
			);
			dependencies = (
				4346ED761D4A5FC60000A882 /* PBXTargetDependency */,
			);
			name = IkaQiitaUITests;
			productName = IkaQiitaUITests;
			productReference = 4346ED741D4A5FC60000A882 /* IkaQiitaUITests.xctest */;
			productType = "com.apple.product-type.bundle.ui-testing";
		};
/* End PBXNativeTarget section */

/* Begin PBXProject section */
		4346ED4D1D4A5FC50000A882 /* Project object */ = {
			isa = PBXProject;
			attributes = {
				LastSwiftUpdateCheck = 0730;
				LastUpgradeCheck = 0730;
				ORGANIZATIONNAME = ryoto.maeda;
				TargetAttributes = {
					4346ED541D4A5FC50000A882 = {
						CreatedOnToolsVersion = 7.3.1;
					};
					4346ED681D4A5FC60000A882 = {
						CreatedOnToolsVersion = 7.3.1;
						TestTargetID = 4346ED541D4A5FC50000A882;
					};
					4346ED731D4A5FC60000A882 = {
						CreatedOnToolsVersion = 7.3.1;
						TestTargetID = 4346ED541D4A5FC50000A882;
					};
				};
			};
			buildConfigurationList = 4346ED501D4A5FC50000A882 /* Build configuration list for PBXProject "IkaQiita" */;
			compatibilityVersion = "Xcode 3.2";
			developmentRegion = English;
			hasScannedForEncodings = 0;
			knownRegions = (
				en,
				Base,
			);
			mainGroup = 4346ED4C1D4A5FC50000A882;
			productRefGroup = 4346ED561D4A5FC50000A882 /* Products */;
			projectDirPath = "";
			projectRoot = "";
			targets = (
				4346ED541D4A5FC50000A882 /* IkaQiita */,
				4346ED681D4A5FC60000A882 /* IkaQiitaTests */,
				4346ED731D4A5FC60000A882 /* IkaQiitaUITests */,
			);
		};
/* End PBXProject section */

/* Begin PBXResourcesBuildPhase section */
		4346ED531D4A5FC50000A882 /* Resources */ = {
			isa = PBXResourcesBuildPhase;
			buildActionMask = 2147483647;
			files = (
				43308E791D4CA55000F1F88D /* Main.storyboard in Resources */,
				4346ED631D4A5FC50000A882 /* LaunchScreen.storyboard in Resources */,
				4346ED601D4A5FC50000A882 /* Assets.xcassets in Resources */,
			);
			runOnlyForDeploymentPostprocessing = 0;
		};
		4346ED671D4A5FC60000A882 /* Resources */ = {
			isa = PBXResourcesBuildPhase;
			buildActionMask = 2147483647;
			files = (
			);
			runOnlyForDeploymentPostprocessing = 0;
		};
		4346ED721D4A5FC60000A882 /* Resources */ = {
			isa = PBXResourcesBuildPhase;
			buildActionMask = 2147483647;
			files = (
			);
			runOnlyForDeploymentPostprocessing = 0;
		};
/* End PBXResourcesBuildPhase section */

/* Begin PBXShellScriptBuildPhase section */
		43308EB01D4CB2B500F1F88D /* ShellScript */ = {
			isa = PBXShellScriptBuildPhase;
			buildActionMask = 2147483647;
			files = (
			);
			inputPaths = (
				"$(SRCROOT)/Carthage/Build/iOS/APIKit.framework",
				"$(SRCROOT)/Carthage/Build/iOS/RealmSwift.framework",
				"$(SRCROOT)/Carthage/Build/iOS/Himotoki.framework",
			);
			outputPaths = (
			);
			runOnlyForDeploymentPostprocessing = 0;
			shellPath = /bin/sh;
			shellScript = "/usr/local/bin/carthage copy-frameworks";
		};
/* End PBXShellScriptBuildPhase section */

/* Begin PBXSourcesBuildPhase section */
		4346ED511D4A5FC50000A882 /* Sources */ = {
			isa = PBXSourcesBuildPhase;
			buildActionMask = 2147483647;
			files = (
				43308ECA1D4DFCCD00F1F88D /* ArticleModel.swift in Sources */,
				43308EC61D4DC4F800F1F88D /* QiitaAPIClient.swift in Sources */,
				43308E7B1D4CA59800F1F88D /* ArticleListViewController.swift in Sources */,
				4346ED5B1D4A5FC50000A882 /* ViewController.swift in Sources */,
				43308ED31D4E01FE00F1F88D /* ArticleRepositoryImpl.swift in Sources */,
				43308EDF1D4E5A4B00F1F88D /* ArticleEntity.swift in Sources */,
				43308EC41D4DC4EA00F1F88D /* QiitaAPIRequest.swift in Sources */,
				4346ED591D4A5FC50000A882 /* AppDelegate.swift in Sources */,
				43308E7D1D4CABF800F1F88D /* BaseRequestType.swift in Sources */,
				43308ED81D4E034300F1F88D /* ArticleService.swift in Sources */,
				43308EDA1D4E044600F1F88D /* ArticleFactory.swift in Sources */,
				43308ED11D4E01F000F1F88D /* ArticleRepository.swift in Sources */,
				43308ED51D4E026700F1F88D /* ArticleListViewModel.swift in Sources */,
				43308ECF1D4E012C00F1F88D /* RealmService.swift in Sources */,
			);
			runOnlyForDeploymentPostprocessing = 0;
		};
		4346ED651D4A5FC60000A882 /* Sources */ = {
			isa = PBXSourcesBuildPhase;
			buildActionMask = 2147483647;
			files = (
				4346ED6E1D4A5FC60000A882 /* IkaQiitaTests.swift in Sources */,
			);
			runOnlyForDeploymentPostprocessing = 0;
		};
		4346ED701D4A5FC60000A882 /* Sources */ = {
			isa = PBXSourcesBuildPhase;
			buildActionMask = 2147483647;
			files = (
				4346ED791D4A5FC60000A882 /* IkaQiitaUITests.swift in Sources */,
			);
			runOnlyForDeploymentPostprocessing = 0;
		};
/* End PBXSourcesBuildPhase section */

/* Begin PBXTargetDependency section */
		4346ED6B1D4A5FC60000A882 /* PBXTargetDependency */ = {
			isa = PBXTargetDependency;
			target = 4346ED541D4A5FC50000A882 /* IkaQiita */;
			targetProxy = 4346ED6A1D4A5FC60000A882 /* PBXContainerItemProxy */;
		};
		4346ED761D4A5FC60000A882 /* PBXTargetDependency */ = {
			isa = PBXTargetDependency;
			target = 4346ED541D4A5FC50000A882 /* IkaQiita */;
			targetProxy = 4346ED751D4A5FC60000A882 /* PBXContainerItemProxy */;
		};
/* End PBXTargetDependency section */

/* Begin PBXVariantGroup section */
		4346ED611D4A5FC50000A882 /* LaunchScreen.storyboard */ = {
			isa = PBXVariantGroup;
			children = (
				4346ED621D4A5FC50000A882 /* Base */,
			);
			name = LaunchScreen.storyboard;
			sourceTree = "<group>";
		};
/* End PBXVariantGroup section */

/* Begin XCBuildConfiguration section */
		4346ED7B1D4A5FC60000A882 /* Debug */ = {
			isa = XCBuildConfiguration;
			buildSettings = {
				ALWAYS_SEARCH_USER_PATHS = NO;
				CLANG_ANALYZER_NONNULL = YES;
				CLANG_CXX_LANGUAGE_STANDARD = "gnu++0x";
				CLANG_CXX_LIBRARY = "libc++";
				CLANG_ENABLE_MODULES = YES;
				CLANG_ENABLE_OBJC_ARC = YES;
				CLANG_WARN_BOOL_CONVERSION = YES;
				CLANG_WARN_CONSTANT_CONVERSION = YES;
				CLANG_WARN_DIRECT_OBJC_ISA_USAGE = YES_ERROR;
				CLANG_WARN_EMPTY_BODY = YES;
				CLANG_WARN_ENUM_CONVERSION = YES;
				CLANG_WARN_INT_CONVERSION = YES;
				CLANG_WARN_OBJC_ROOT_CLASS = YES_ERROR;
				CLANG_WARN_UNREACHABLE_CODE = YES;
				CLANG_WARN__DUPLICATE_METHOD_MATCH = YES;
				"CODE_SIGN_IDENTITY[sdk=iphoneos*]" = "iPhone Developer";
				COPY_PHASE_STRIP = NO;
				DEBUG_INFORMATION_FORMAT = dwarf;
				ENABLE_STRICT_OBJC_MSGSEND = YES;
				ENABLE_TESTABILITY = YES;
				GCC_C_LANGUAGE_STANDARD = gnu99;
				GCC_DYNAMIC_NO_PIC = NO;
				GCC_NO_COMMON_BLOCKS = YES;
				GCC_OPTIMIZATION_LEVEL = 0;
				GCC_PREPROCESSOR_DEFINITIONS = (
					"DEBUG=1",
					"$(inherited)",
				);
				GCC_WARN_64_TO_32_BIT_CONVERSION = YES;
				GCC_WARN_ABOUT_RETURN_TYPE = YES_ERROR;
				GCC_WARN_UNDECLARED_SELECTOR = YES;
				GCC_WARN_UNINITIALIZED_AUTOS = YES_AGGRESSIVE;
				GCC_WARN_UNUSED_FUNCTION = YES;
				GCC_WARN_UNUSED_VARIABLE = YES;
				IPHONEOS_DEPLOYMENT_TARGET = 9.3;
				MTL_ENABLE_DEBUG_INFO = YES;
				ONLY_ACTIVE_ARCH = YES;
				SDKROOT = iphoneos;
				SWIFT_OPTIMIZATION_LEVEL = "-Onone";
			};
			name = Debug;
		};
		4346ED7C1D4A5FC60000A882 /* Release */ = {
			isa = XCBuildConfiguration;
			buildSettings = {
				ALWAYS_SEARCH_USER_PATHS = NO;
				CLANG_ANALYZER_NONNULL = YES;
				CLANG_CXX_LANGUAGE_STANDARD = "gnu++0x";
				CLANG_CXX_LIBRARY = "libc++";
				CLANG_ENABLE_MODULES = YES;
				CLANG_ENABLE_OBJC_ARC = YES;
				CLANG_WARN_BOOL_CONVERSION = YES;
				CLANG_WARN_CONSTANT_CONVERSION = YES;
				CLANG_WARN_DIRECT_OBJC_ISA_USAGE = YES_ERROR;
				CLANG_WARN_EMPTY_BODY = YES;
				CLANG_WARN_ENUM_CONVERSION = YES;
				CLANG_WARN_INT_CONVERSION = YES;
				CLANG_WARN_OBJC_ROOT_CLASS = YES_ERROR;
				CLANG_WARN_UNREACHABLE_CODE = YES;
				CLANG_WARN__DUPLICATE_METHOD_MATCH = YES;
				"CODE_SIGN_IDENTITY[sdk=iphoneos*]" = "iPhone Developer";
				COPY_PHASE_STRIP = NO;
				DEBUG_INFORMATION_FORMAT = "dwarf-with-dsym";
				ENABLE_NS_ASSERTIONS = NO;
				ENABLE_STRICT_OBJC_MSGSEND = YES;
				GCC_C_LANGUAGE_STANDARD = gnu99;
				GCC_NO_COMMON_BLOCKS = YES;
				GCC_WARN_64_TO_32_BIT_CONVERSION = YES;
				GCC_WARN_ABOUT_RETURN_TYPE = YES_ERROR;
				GCC_WARN_UNDECLARED_SELECTOR = YES;
				GCC_WARN_UNINITIALIZED_AUTOS = YES_AGGRESSIVE;
				GCC_WARN_UNUSED_FUNCTION = YES;
				GCC_WARN_UNUSED_VARIABLE = YES;
				IPHONEOS_DEPLOYMENT_TARGET = 9.3;
				MTL_ENABLE_DEBUG_INFO = NO;
				SDKROOT = iphoneos;
				VALIDATE_PRODUCT = YES;
			};
			name = Release;
		};
		4346ED7E1D4A5FC60000A882 /* Debug */ = {
			isa = XCBuildConfiguration;
			buildSettings = {
				ASSETCATALOG_COMPILER_APPICON_NAME = AppIcon;
				FRAMEWORK_SEARCH_PATHS = (
					"$(inherited)",
					"$(PROJECT_DIR)/Carthage/Build/iOS",
				);
				INFOPLIST_FILE = IkaQiita/Info.plist;
				LD_RUNPATH_SEARCH_PATHS = "$(inherited) @executable_path/Frameworks";
				PRODUCT_BUNDLE_IDENTIFIER = ryoto.maeda.IkaQiita;
				PRODUCT_NAME = "$(TARGET_NAME)";
			};
			name = Debug;
		};
		4346ED7F1D4A5FC60000A882 /* Release */ = {
			isa = XCBuildConfiguration;
			buildSettings = {
				ASSETCATALOG_COMPILER_APPICON_NAME = AppIcon;
				FRAMEWORK_SEARCH_PATHS = (
					"$(inherited)",
					"$(PROJECT_DIR)/Carthage/Build/iOS",
				);
				INFOPLIST_FILE = IkaQiita/Info.plist;
				LD_RUNPATH_SEARCH_PATHS = "$(inherited) @executable_path/Frameworks";
				PRODUCT_BUNDLE_IDENTIFIER = ryoto.maeda.IkaQiita;
				PRODUCT_NAME = "$(TARGET_NAME)";
			};
			name = Release;
		};
		4346ED811D4A5FC60000A882 /* Debug */ = {
			isa = XCBuildConfiguration;
			buildSettings = {
				BUNDLE_LOADER = "$(TEST_HOST)";
				INFOPLIST_FILE = IkaQiitaTests/Info.plist;
				LD_RUNPATH_SEARCH_PATHS = "$(inherited) @executable_path/Frameworks @loader_path/Frameworks";
				PRODUCT_BUNDLE_IDENTIFIER = ryoto.maeda.IkaQiitaTests;
				PRODUCT_NAME = "$(TARGET_NAME)";
				TEST_HOST = "$(BUILT_PRODUCTS_DIR)/IkaQiita.app/IkaQiita";
			};
			name = Debug;
		};
		4346ED821D4A5FC60000A882 /* Release */ = {
			isa = XCBuildConfiguration;
			buildSettings = {
				BUNDLE_LOADER = "$(TEST_HOST)";
				INFOPLIST_FILE = IkaQiitaTests/Info.plist;
				LD_RUNPATH_SEARCH_PATHS = "$(inherited) @executable_path/Frameworks @loader_path/Frameworks";
				PRODUCT_BUNDLE_IDENTIFIER = ryoto.maeda.IkaQiitaTests;
				PRODUCT_NAME = "$(TARGET_NAME)";
				TEST_HOST = "$(BUILT_PRODUCTS_DIR)/IkaQiita.app/IkaQiita";
			};
			name = Release;
		};
		4346ED841D4A5FC60000A882 /* Debug */ = {
			isa = XCBuildConfiguration;
			buildSettings = {
				INFOPLIST_FILE = IkaQiitaUITests/Info.plist;
				LD_RUNPATH_SEARCH_PATHS = "$(inherited) @executable_path/Frameworks @loader_path/Frameworks";
				PRODUCT_BUNDLE_IDENTIFIER = ryoto.maeda.IkaQiitaUITests;
				PRODUCT_NAME = "$(TARGET_NAME)";
				TEST_TARGET_NAME = IkaQiita;
			};
			name = Debug;
		};
		4346ED851D4A5FC60000A882 /* Release */ = {
			isa = XCBuildConfiguration;
			buildSettings = {
				INFOPLIST_FILE = IkaQiitaUITests/Info.plist;
				LD_RUNPATH_SEARCH_PATHS = "$(inherited) @executable_path/Frameworks @loader_path/Frameworks";
				PRODUCT_BUNDLE_IDENTIFIER = ryoto.maeda.IkaQiitaUITests;
				PRODUCT_NAME = "$(TARGET_NAME)";
				TEST_TARGET_NAME = IkaQiita;
			};
			name = Release;
		};
/* End XCBuildConfiguration section */

/* Begin XCConfigurationList section */
		4346ED501D4A5FC50000A882 /* Build configuration list for PBXProject "IkaQiita" */ = {
			isa = XCConfigurationList;
			buildConfigurations = (
				4346ED7B1D4A5FC60000A882 /* Debug */,
				4346ED7C1D4A5FC60000A882 /* Release */,
			);
			defaultConfigurationIsVisible = 0;
			defaultConfigurationName = Release;
		};
		4346ED7D1D4A5FC60000A882 /* Build configuration list for PBXNativeTarget "IkaQiita" */ = {
			isa = XCConfigurationList;
			buildConfigurations = (
				4346ED7E1D4A5FC60000A882 /* Debug */,
				4346ED7F1D4A5FC60000A882 /* Release */,
			);
			defaultConfigurationIsVisible = 0;
			defaultConfigurationName = Release;
		};
		4346ED801D4A5FC60000A882 /* Build configuration list for PBXNativeTarget "IkaQiitaTests" */ = {
			isa = XCConfigurationList;
			buildConfigurations = (
				4346ED811D4A5FC60000A882 /* Debug */,
				4346ED821D4A5FC60000A882 /* Release */,
			);
			defaultConfigurationIsVisible = 0;
			defaultConfigurationName = Release;
		};
		4346ED831D4A5FC60000A882 /* Build configuration list for PBXNativeTarget "IkaQiitaUITests" */ = {
			isa = XCConfigurationList;
			buildConfigurations = (
				4346ED841D4A5FC60000A882 /* Debug */,
				4346ED851D4A5FC60000A882 /* Release */,
			);
			defaultConfigurationIsVisible = 0;
			defaultConfigurationName = Release;
		};
/* End XCConfigurationList section */
	};
	rootObject = 4346ED4D1D4A5FC50000A882 /* Project object */;
}
